Microsoft Visual Studio Solution File, Format Version 12.00
# Visual Studio Version 17
VisualStudioVersion = 17.5.2.0
MinimumVisualStudioVersion = 10.0.40219.1
Project("{FAE04EC0-301F-11D3-BF4B-00C04F79EFBC}") = "Cache.Application", "Cache.Application\Cache.Application.csproj", "{80FD567B-E5E9-12A8-5CA5-FC1F9D1209DA}"
EndProject
Project("{FAE04EC0-301F-11D3-BF4B-00C04F79EFBC}") = "Cache.Service", "Cache.Service\Cache.Service.csproj", "{AE7F82AB-6B47-83CF-30C0-8652F4DD7288}"
EndProject
Global
	GlobalSection(SolutionConfigurationPlatforms) = preSolution
		Debug|Any CPU = Debug|Any CPU
		Release|Any CPU = Release|Any CPU
	EndGlobalSection
	GlobalSection(ProjectConfigurationPlatforms) = postSolution
		{80FD567B-E5E9-12A8-5CA5-FC1F9D1209DA}.Debug|Any CPU.ActiveCfg = Debug|Any CPU
		{80FD567B-E5E9-12A8-5CA5-FC1F9D1209DA}.Debug|Any CPU.Build.0 = Debug|Any CPU
		{80FD567B-E5E9-12A8-5CA5-FC1F9D1209DA}.Release|Any CPU.ActiveCfg = Release|Any CPU
		{80FD567B-E5E9-12A8-5CA5-FC1F9D1209DA}.Release|Any CPU.Build.0 = Release|Any CPU
		{AE7F82AB-6B47-83CF-30C0-8652F4DD7288}.Debug|Any CPU.ActiveCfg = Debug|Any CPU
		{AE7F82AB-6B47-83CF-30C0-8652F4DD7288}.Debug|Any CPU.Build.0 = Debug|Any CPU
		{AE7F82AB-6B47-83CF-30C0-8652F4DD7288}.Release|Any CPU.ActiveCfg = Release|Any CPU
		{AE7F82AB-6B47-83CF-30C0-8652F4DD7288}.Release|Any CPU.Build.0 = Release|Any CPU
	EndGlobalSection
	GlobalSection(SolutionProperties) = preSolution
		HideSolutionNode = FALSE
	EndGlobalSection
	GlobalSection(ExtensibilityGlobals) = postSolution
		SolutionGuid = {444480F8-19C9-4572-9254-73067EED4B45}
	EndGlobalSection
EndGlobal
